
Microsoft Visual Studio Solution File, Format Version 12.00
# Visual Studio 15
VisualStudioVersion = 15.0.28307.1705
MinimumVisualStudioVersion = 10.0.40219.1
Project("{FAE04EC0-301F-11D3-BF4B-00C04F79EFBC}") = "CreativeStuff", "CreativeStuff\CreativeStuff.csproj", "{58D6F21D-C419-4397-B9FE-27FF9ADC121F}"
EndProject
Global
	GlobalSection(SolutionConfigurationPlatforms) = preSolution
		Debug|Any CPU = Debug|Any CPU
		Release|Any CPU = Release|Any CPU
	EndGlobalSection
	GlobalSection(ProjectConfigurationPlatforms) = postSolution
		{58D6F21D-C419-4397-B9FE-27FF9ADC121F}.Debug|Any CPU.ActiveCfg = Debug|Any CPU
		{58D6F21D-C419-4397-B9FE-27FF9ADC121F}.Debug|Any CPU.Build.0 = Debug|Any CPU
		{58D6F21D-C419-4397-B9FE-27FF9ADC121F}.Release|Any CPU.ActiveCfg = Release|Any CPU
		{58D6F21D-C419-4397-B9FE-27FF9ADC121F}.Release|Any CPU.Build.0 = Release|Any CPU
	EndGlobalSection
	GlobalSection(SolutionProperties) = preSolution
		HideSolutionNode = FALSE
	EndGlobalSection
	GlobalSection(ExtensibilityGlobals) = postSolution
		SolutionGuid = {84CE5040-5921-40A0-A7F8-A2C50E2585C7}
	EndGlobalSection
EndGlobal
