
Microsoft Visual Studio Solution File, Format Version 12.00
# Visual Studio Version 17
VisualStudioVersion = 17.0.32014.148
MinimumVisualStudioVersion = 10.0.40219.1
Project("{9A19103F-16F7-4668-BE54-9A1E7A4F7556}") = "CreativeStuff", "CreativeStuff\CreativeStuff.csproj", "{58D6F21D-C419-4397-B9FE-27FF9ADC121F}"
EndProject
Project("{FAE04EC0-301F-11D3-BF4B-00C04F79EFBC}") = "Creative-tools", "Creative-tools\Creative-tools.csproj", "{E05CBE56-6DC0-4781-9882-8525A40B53A8}"
EndProject
Global
	GlobalSection(SolutionConfigurationPlatforms) = preSolution
		Debug|Any CPU = Debug|Any CPU
		Release|Any CPU = Release|Any CPU
	EndGlobalSection
	GlobalSection(ProjectConfigurationPlatforms) = postSolution
		{58D6F21D-C419-4397-B9FE-27FF9ADC121F}.Debug|Any CPU.ActiveCfg = Debug|Any CPU
		{58D6F21D-C419-4397-B9FE-27FF9ADC121F}.Debug|Any CPU.Build.0 = Debug|Any CPU
		{58D6F21D-C419-4397-B9FE-27FF9ADC121F}.Release|Any CPU.ActiveCfg = Release|Any CPU
		{58D6F21D-C419-4397-B9FE-27FF9ADC121F}.Release|Any CPU.Build.0 = Release|Any CPU
		{E05CBE56-6DC0-4781-9882-8525A40B53A8}.Debug|Any CPU.ActiveCfg = Debug|Any CPU
		{E05CBE56-6DC0-4781-9882-8525A40B53A8}.Debug|Any CPU.Build.0 = Debug|Any CPU
		{E05CBE56-6DC0-4781-9882-8525A40B53A8}.Release|Any CPU.ActiveCfg = Release|Any CPU
		{E05CBE56-6DC0-4781-9882-8525A40B53A8}.Release|Any CPU.Build.0 = Release|Any CPU
	EndGlobalSection
	GlobalSection(SolutionProperties) = preSolution
		HideSolutionNode = FALSE
	EndGlobalSection
	GlobalSection(ExtensibilityGlobals) = postSolution
		SolutionGuid = {84CE5040-5921-40A0-A7F8-A2C50E2585C7}
	EndGlobalSection
EndGlobal
